github.com/chzyer/logex v1.2.0 h1:+eqR0HfOetur4tgnC8ftU5imRnhi4te+BadWS95c5AM=
github.com/chzyer/logex v1.2.0/go.mod h1:9+9sk7u7pGNWYMkh0hdiL++6OeibzJccyQU4p4MedaY=
github.com/chzyer/readline v1.5.0 h1:lSwwFrbNviGePhkewF1az4oLmcwqCZijQ2/Wi3BGHAI=
github.com/chzyer/readline v1.5.0/go.mod h1:x22KAscuvRqlLoK9CsoYsmxoXZMMFVyOl86cAH8qUic=
github.com/chzyer/test v0.0.0-20210722231415-061457976a23 h1:dZ0/VyGgQdVGAss6Ju0dt5P0QltE0SFY5Woh6hbIfiQ=
github.com/chzyer/test v0.0.0-20210722231415-061457976a23/go.mod h1:Q3SI9o4m/ZMnBNeIyt5eFwwo7qiLfzFZmjNmxjkiQlU=
github.com/ianlancetaylor/demangle v0.0.0-20220319035150-800ac71e25c2 h1:rcanfLhLDA8nozr/K289V1zcntHr3V+SHlXwzz1ZI2g=
github.com/ianlancetaylor/demangle v0.0.0-20220319035150-800ac71e25c2/go.mod h1:aYm2/VgdVmcIU8iMfdMvDMsRAQjcfZSKFby6HOFvi/w=
golang.org/x/sys v0.0.0-20220310020820-b874c991c1a5 h1:y/woIyUBFbpQGKS0u1aHF/40WUDnek3fPOyD08H5Vng=
golang.org/x/sys v0.0.0-20220310020820-b874c991c1a5/go.mod h1:oPkhp1MJrh7nUepCBck5+mAzfO9JrbApNNgaTdGDITg=
